
Microsoft Visual Studio Solution File, Format Version 12.00
# Visual Studio Version 16
VisualStudioVersion = 16.0.34931.43
MinimumVisualStudioVersion = 10.0.40219.1
Project("{FAE04EC0-301F-11D3-BF4B-00C04F79EFBC}") = "ConsoleApp9", "ConsoleApp9.csproj", "{C8C9D9E8-088E-49C5-9504-80EA0D5C0FDE}"
EndProject
Global
	GlobalSection(SolutionConfigurationPlatforms) = preSolution
		Debug|Any CPU = Debug|Any CPU
		Release|Any CPU = Release|Any CPU
	EndGlobalSection
	GlobalSection(ProjectConfigurationPlatforms) = postSolution
		{C8C9D9E8-088E-49C5-9504-80EA0D5C0FDE}.Debug|Any CPU.ActiveCfg = Debug|Any CPU
		{C8C9D9E8-088E-49C5-9504-80EA0D5C0FDE}.Debug|Any CPU.Build.0 = Debug|Any CPU
		{C8C9D9E8-088E-49C5-9504-80EA0D5C0FDE}.Release|Any CPU.ActiveCfg = Release|Any CPU
		{C8C9D9E8-088E-49C5-9504-80EA0D5C0FDE}.Release|Any CPU.Build.0 = Release|Any CPU
	EndGlobalSection
	GlobalSection(SolutionProperties) = preSolution
		HideSolutionNode = FALSE
	EndGlobalSection
	GlobalSection(ExtensibilityGlobals) = postSolution
		SolutionGuid = {0A5E2D3C-B316-42BD-BF2A-44D45E6F92C5}
	EndGlobalSection
EndGlobal
